
Microsoft Visual Studio Solution File, Format Version 12.00
# Visual Studio 14
VisualStudioVersion = 14.0.25123.0
MinimumVisualStudioVersion = 10.0.40219.1
Project("{FAE04EC0-301F-11D3-BF4B-00C04F79EFBC}") = "Dapplo.Utils", "Dapplo.Utils\Dapplo.Utils.csproj", "{34C1972E-4B09-43F8-8A8A-1AACF09218C9}"
EndProject
Project("{FAE04EC0-301F-11D3-BF4B-00C04F79EFBC}") = "Dapplo.Utils.Tests", "Dapplo.Utils.Tests\Dapplo.Utils.Tests.csproj", "{00BE0197-B28A-4BFB-AE73-10ADF605B29F}"
EndProject
Project("{D954291E-2A0B-460D-934E-DC6B0785DB48}") = "Dapplo.Utils.Shared", "Dapplo.Utils.Shared\Dapplo.Utils.Shared.shproj", "{67647242-EFC1-4A31-9BF3-CFAAABB61DC5}"
EndProject
Project("{FAE04EC0-301F-11D3-BF4B-00C04F79EFBC}") = "Dapplo.Utils.PCL", "Dapplo.Utils.PCL\Dapplo.Utils.PCL.csproj", "{51C825CE-E5FD-417A-824B-331590F6E397}"
EndProject
Global
	GlobalSection(SharedMSBuildProjectFiles) = preSolution
		Dapplo.Utils.Shared\Dapplo.Utils.Shared.projitems*{51c825ce-e5fd-417a-824b-331590f6e397}*SharedItemsImports = 4
		Dapplo.Utils.Shared\Dapplo.Utils.Shared.projitems*{67647242-efc1-4a31-9bf3-cfaaabb61dc5}*SharedItemsImports = 13
		Dapplo.Utils.Shared\Dapplo.Utils.Shared.projitems*{34c1972e-4b09-43f8-8a8a-1aacf09218c9}*SharedItemsImports = 4
	EndGlobalSection
	GlobalSection(SolutionConfigurationPlatforms) = preSolution
		Debug|AnyCPU = Debug|AnyCPU
		Release|AnyCPU = Release|AnyCPU
	EndGlobalSection
	GlobalSection(ProjectConfigurationPlatforms) = postSolution
		{34C1972E-4B09-43F8-8A8A-1AACF09218C9}.Debug|AnyCPU.ActiveCfg = Debug|Any CPU
		{34C1972E-4B09-43F8-8A8A-1AACF09218C9}.Debug|AnyCPU.Build.0 = Debug|Any CPU
		{34C1972E-4B09-43F8-8A8A-1AACF09218C9}.Release|AnyCPU.ActiveCfg = Release|Any CPU
		{34C1972E-4B09-43F8-8A8A-1AACF09218C9}.Release|AnyCPU.Build.0 = Release|Any CPU
		{00BE0197-B28A-4BFB-AE73-10ADF605B29F}.Debug|AnyCPU.ActiveCfg = Debug|Any CPU
		{00BE0197-B28A-4BFB-AE73-10ADF605B29F}.Debug|AnyCPU.Build.0 = Debug|Any CPU
		{00BE0197-B28A-4BFB-AE73-10ADF605B29F}.Release|AnyCPU.ActiveCfg = Release|Any CPU
		{00BE0197-B28A-4BFB-AE73-10ADF605B29F}.Release|AnyCPU.Build.0 = Release|Any CPU
		{51C825CE-E5FD-417A-824B-331590F6E397}.Debug|AnyCPU.ActiveCfg = Debug|Any CPU
		{51C825CE-E5FD-417A-824B-331590F6E397}.Debug|AnyCPU.Build.0 = Debug|Any CPU
		{51C825CE-E5FD-417A-824B-331590F6E397}.Release|AnyCPU.ActiveCfg = Release|Any CPU
		{51C825CE-E5FD-417A-824B-331590F6E397}.Release|AnyCPU.Build.0 = Release|Any CPU
	EndGlobalSection
	GlobalSection(SolutionProperties) = preSolution
		HideSolutionNode = FALSE
	EndGlobalSection
EndGlobal
