
Microsoft Visual Studio Solution File, Format Version 12.00
# Visual Studio 15
VisualStudioVersion = 15.0.27130.2027
MinimumVisualStudioVersion = 10.0.40219.1
Project("{9A19103F-16F7-4668-BE54-9A1E7A4F7556}") = "Dapplo.Utils.Tests", "Dapplo.Utils.Tests\Dapplo.Utils.Tests.csproj", "{00BE0197-B28A-4BFB-AE73-10ADF605B29F}"
EndProject
Project("{9A19103F-16F7-4668-BE54-9A1E7A4F7556}") = "Dapplo.Utils", "Dapplo.Utils\Dapplo.Utils.csproj", "{34C1972E-4B09-43F8-8A8A-1AACF09218C9}"
EndProject
Project("{9A19103F-16F7-4668-BE54-9A1E7A4F7556}") = "Dapplo.Utils.Tests.TestAssembly", "Dapplo.Utils.Tests.TestAssembly\Dapplo.Utils.Tests.TestAssembly.csproj", "{4654F340-1F6E-4490-81C3-AAF83E194A9E}"
EndProject
Project("{9A19103F-16F7-4668-BE54-9A1E7A4F7556}") = "Dapplo.Utils.Notify", "Dapplo.Utils.Notify\Dapplo.Utils.Notify.csproj", "{DAE5514A-FBFE-44A7-8374-902C6A981EAD}"
EndProject
Global
	GlobalSection(SolutionConfigurationPlatforms) = preSolution
		Debug|AnyCPU = Debug|AnyCPU
		Release|AnyCPU = Release|AnyCPU
	EndGlobalSection
	GlobalSection(ProjectConfigurationPlatforms) = postSolution
		{00BE0197-B28A-4BFB-AE73-10ADF605B29F}.Debug|AnyCPU.ActiveCfg = Debug|Any CPU
		{00BE0197-B28A-4BFB-AE73-10ADF605B29F}.Debug|AnyCPU.Build.0 = Debug|Any CPU
		{00BE0197-B28A-4BFB-AE73-10ADF605B29F}.Release|AnyCPU.ActiveCfg = Release|Any CPU
		{00BE0197-B28A-4BFB-AE73-10ADF605B29F}.Release|AnyCPU.Build.0 = Release|Any CPU
		{34C1972E-4B09-43F8-8A8A-1AACF09218C9}.Debug|AnyCPU.ActiveCfg = Debug|Any CPU
		{34C1972E-4B09-43F8-8A8A-1AACF09218C9}.Debug|AnyCPU.Build.0 = Debug|Any CPU
		{34C1972E-4B09-43F8-8A8A-1AACF09218C9}.Release|AnyCPU.ActiveCfg = Release|Any CPU
		{34C1972E-4B09-43F8-8A8A-1AACF09218C9}.Release|AnyCPU.Build.0 = Release|Any CPU
		{4654F340-1F6E-4490-81C3-AAF83E194A9E}.Debug|AnyCPU.ActiveCfg = Debug|Any CPU
		{4654F340-1F6E-4490-81C3-AAF83E194A9E}.Debug|AnyCPU.Build.0 = Debug|Any CPU
		{4654F340-1F6E-4490-81C3-AAF83E194A9E}.Release|AnyCPU.ActiveCfg = Release|Any CPU
		{4654F340-1F6E-4490-81C3-AAF83E194A9E}.Release|AnyCPU.Build.0 = Release|Any CPU
		{DAE5514A-FBFE-44A7-8374-902C6A981EAD}.Debug|AnyCPU.ActiveCfg = Debug|Any CPU
		{DAE5514A-FBFE-44A7-8374-902C6A981EAD}.Debug|AnyCPU.Build.0 = Debug|Any CPU
		{DAE5514A-FBFE-44A7-8374-902C6A981EAD}.Release|AnyCPU.ActiveCfg = Release|Any CPU
		{DAE5514A-FBFE-44A7-8374-902C6A981EAD}.Release|AnyCPU.Build.0 = Release|Any CPU
	EndGlobalSection
	GlobalSection(SolutionProperties) = preSolution
		HideSolutionNode = FALSE
	EndGlobalSection
	GlobalSection(ExtensibilityGlobals) = postSolution
		SolutionGuid = {30EE8690-5EFB-4E91-BC0C-8CD5CA441183}
	EndGlobalSection
EndGlobal
